
Microsoft Visual Studio Solution File, Format Version 12.00
# Visual Studio Version 17
VisualStudioVersion = 17.3.32929.385
MinimumVisualStudioVersion = 10.0.40219.1
Project("{F184B08F-C81C-45F6-A57F-5ABD9991F28F}") = "Dex", "Dex\Dex.vbproj", "{E8BCEE51-E51F-4AE7-A30A-4225FA873D57}"
EndProject
Global
	GlobalSection(SolutionConfigurationPlatforms) = preSolution
		Debug|Any CPU = Debug|Any CPU
		Release|Any CPU = Release|Any CPU
	EndGlobalSection
	GlobalSection(ProjectConfigurationPlatforms) = postSolution
		{E8BCEE51-E51F-4AE7-A30A-4225FA873D57}.Debug|Any CPU.ActiveCfg = Debug|Any CPU
		{E8BCEE51-E51F-4AE7-A30A-4225FA873D57}.Debug|Any CPU.Build.0 = Debug|Any CPU
		{E8BCEE51-E51F-4AE7-A30A-4225FA873D57}.Release|Any CPU.ActiveCfg = Release|Any CPU
		{E8BCEE51-E51F-4AE7-A30A-4225FA873D57}.Release|Any CPU.Build.0 = Release|Any CPU
	EndGlobalSection
	GlobalSection(SolutionProperties) = preSolution
		HideSolutionNode = FALSE
	EndGlobalSection
	GlobalSection(ExtensibilityGlobals) = postSolution
		SolutionGuid = {6DB10BD3-2538-4316-9092-C24AEBF9E712}
	EndGlobalSection
EndGlobal
